
Microsoft Visual Studio Solution File, Format Version 12.00
# Visual Studio Version 16
VisualStudioVersion = 16.0.29613.14
MinimumVisualStudioVersion = 10.0.40219.1
Project("{FAE04EC0-301F-11D3-BF4B-00C04F79EFBC}") = "Assembly-CSharp", "Assembly-CSharp.csproj", "{0D73E774-0A3B-C3DA-0FD7-BBF1586E7AAF}"
EndProject
Project("{FAE04EC0-301F-11D3-BF4B-00C04F79EFBC}") = "Assembly-CSharp-Editor", "Assembly-CSharp-Editor.csproj", "{E2B26EF1-B9EB-FA69-5D49-FFBD7EA187C7}"
EndProject
Global
	GlobalSection(SolutionConfigurationPlatforms) = preSolution
		Debug|Any CPU = Debug|Any CPU
		Release|Any CPU = Release|Any CPU
	EndGlobalSection
	GlobalSection(ProjectConfigurationPlatforms) = postSolution
		{0D73E774-0A3B-C3DA-0FD7-BBF1586E7AAF}.Debug|Any CPU.ActiveCfg = Debug|Any CPU
		{0D73E774-0A3B-C3DA-0FD7-BBF1586E7AAF}.Debug|Any CPU.Build.0 = Debug|Any CPU
		{0D73E774-0A3B-C3DA-0FD7-BBF1586E7AAF}.Release|Any CPU.ActiveCfg = Release|Any CPU
		{0D73E774-0A3B-C3DA-0FD7-BBF1586E7AAF}.Release|Any CPU.Build.0 = Release|Any CPU
		{E2B26EF1-B9EB-FA69-5D49-FFBD7EA187C7}.Debug|Any CPU.ActiveCfg = Debug|Any CPU
		{E2B26EF1-B9EB-FA69-5D49-FFBD7EA187C7}.Debug|Any CPU.Build.0 = Debug|Any CPU
		{E2B26EF1-B9EB-FA69-5D49-FFBD7EA187C7}.Release|Any CPU.ActiveCfg = Release|Any CPU
		{E2B26EF1-B9EB-FA69-5D49-FFBD7EA187C7}.Release|Any CPU.Build.0 = Release|Any CPU
	EndGlobalSection
	GlobalSection(SolutionProperties) = preSolution
		HideSolutionNode = FALSE
	EndGlobalSection
	GlobalSection(ExtensibilityGlobals) = postSolution
		SolutionGuid = {20B3990C-5612-42EB-BC80-FCB3DB3500F6}
	EndGlobalSection
EndGlobal
